version: 5
environments:
  default:
    channels:
    - url: https://conda.anaconda.org/conda-forge/
    packages:
      linux-64:
      - conda: https://conda.anaconda.org/conda-forge/linux-64/_libgcc_mutex-0.1-conda_forge.tar.bz2
      - conda: https://conda.anaconda.org/conda-forge/linux-64/_openmp_mutex-4.5-2_gnu.tar.bz2
      - conda: https://conda.anaconda.org/conda-forge/linux-64/bzip2-1.0.8-h4bc722e_7.conda
      - conda: https://conda.anaconda.org/conda-forge/linux-64/ca-certificates-2024.7.4-hbcca054_0.conda
      - conda: https://conda.anaconda.org/conda-forge/linux-64/cffi-1.16.0-py312hf06ca03_0.conda
      - conda: https://conda.anaconda.org/conda-forge/noarch/cfgv-3.3.1-pyhd8ed1ab_0.tar.bz2
      - conda: https://conda.anaconda.org/conda-forge/linux-64/dart-sass-1.58.3-ha770c72_1.conda
      - conda: https://conda.anaconda.org/conda-forge/linux-64/deno-1.37.2-h335b0a9_1.conda
      - conda: https://conda.anaconda.org/conda-forge/linux-64/deno-dom-0.1.35-hd9586b0_1.conda
      - conda: https://conda.anaconda.org/conda-forge/noarch/distlib-0.3.8-pyhd8ed1ab_0.conda
      - conda: https://conda.anaconda.org/conda-forge/linux-64/esbuild-0.19.2-ha770c72_0.conda
      - conda: https://conda.anaconda.org/conda-forge/noarch/filelock-3.15.4-pyhd8ed1ab_0.conda
      - conda: https://conda.anaconda.org/conda-forge/noarch/identify-2.6.0-pyhd8ed1ab_0.conda
      - conda: https://conda.anaconda.org/conda-forge/linux-64/ld_impl_linux-64-2.40-hf3520f5_7.conda
      - conda: https://conda.anaconda.org/conda-forge/linux-64/libexpat-2.6.2-h59595ed_0.conda
      - conda: https://conda.anaconda.org/conda-forge/linux-64/libffi-3.4.2-h7f98852_5.tar.bz2
      - conda: https://conda.anaconda.org/conda-forge/linux-64/libgcc-ng-14.1.0-h77fa898_0.conda
      - conda: https://conda.anaconda.org/conda-forge/linux-64/libgomp-14.1.0-h77fa898_0.conda
      - conda: https://conda.anaconda.org/conda-forge/linux-64/libnsl-2.0.1-hd590300_0.conda
      - conda: https://conda.anaconda.org/conda-forge/linux-64/libsqlite-3.46.0-hde9e2c9_0.conda
      - conda: https://conda.anaconda.org/conda-forge/linux-64/libstdcxx-ng-14.1.0-hc0a3c3a_0.conda
      - conda: https://conda.anaconda.org/conda-forge/linux-64/libuuid-2.38.1-h0b41bf4_0.conda
      - conda: https://conda.anaconda.org/conda-forge/linux-64/libxcrypt-4.4.36-hd590300_1.conda
      - conda: https://conda.anaconda.org/conda-forge/linux-64/libzlib-1.3.1-h4ab18f5_1.conda
      - conda: https://conda.anaconda.org/conda-forge/linux-64/ncurses-6.5-h59595ed_0.conda
      - conda: https://conda.anaconda.org/conda-forge/noarch/nodeenv-1.9.1-pyhd8ed1ab_0.conda
      - conda: https://conda.anaconda.org/conda-forge/linux-64/openssl-3.3.1-h4bc722e_2.conda
      - conda: https://conda.anaconda.org/conda-forge/linux-64/pandoc-3.1.11.1-ha770c72_0.conda
      - conda: https://conda.anaconda.org/conda-forge/noarch/platformdirs-4.2.2-pyhd8ed1ab_0.conda
      - conda: https://conda.anaconda.org/conda-forge/noarch/pre-commit-3.8.0-pyha770c72_0.conda
      - conda: https://conda.anaconda.org/conda-forge/noarch/pycparser-2.22-pyhd8ed1ab_0.conda
      - conda: https://conda.anaconda.org/conda-forge/linux-64/python-3.12.4-h194c7f8_0_cpython.conda
      - conda: https://conda.anaconda.org/conda-forge/linux-64/python_abi-3.12-4_cp312.conda
      - conda: https://conda.anaconda.org/conda-forge/linux-64/pyyaml-6.0.1-py312h98912ed_1.conda
      - conda: https://conda.anaconda.org/conda-forge/linux-64/quarto-1.4.550-ha770c72_1.conda
      - conda: https://conda.anaconda.org/conda-forge/linux-64/readline-8.2-h8228510_1.conda
      - conda: https://conda.anaconda.org/conda-forge/noarch/setuptools-72.1.0-pyhd8ed1ab_0.conda
      - conda: https://conda.anaconda.org/conda-forge/linux-64/tk-8.6.13-noxft_h4845f30_101.conda
      - conda: https://conda.anaconda.org/conda-forge/noarch/tzdata-2024a-h0c530f3_0.conda
      - conda: https://conda.anaconda.org/conda-forge/linux-64/ukkonen-1.0.1-py312h8572e83_4.conda
      - conda: https://conda.anaconda.org/conda-forge/noarch/virtualenv-20.26.3-pyhd8ed1ab_0.conda
      - conda: https://conda.anaconda.org/conda-forge/linux-64/xz-5.2.6-h166bdaf_0.tar.bz2
      - conda: https://conda.anaconda.org/conda-forge/linux-64/yaml-0.2.5-h7f98852_2.tar.bz2
packages:
- kind: conda
  name: _libgcc_mutex
  version: '0.1'
  build: conda_forge
  subdir: linux-64
  url: https://conda.anaconda.org/conda-forge/linux-64/_libgcc_mutex-0.1-conda_forge.tar.bz2
  sha256: fe51de6107f9edc7aa4f786a70f4a883943bc9d39b3bb7307c04c41410990726
  md5: d7c89558ba9fa0495403155b64376d81
  license: None
  size: 2562
  timestamp: 1578324546067
- kind: conda
  name: _openmp_mutex
  version: '4.5'
  build: 2_gnu
  build_number: 16
  subdir: linux-64
  url: https://conda.anaconda.org/conda-forge/linux-64/_openmp_mutex-4.5-2_gnu.tar.bz2
  sha256: fbe2c5e56a653bebb982eda4876a9178aedfc2b545f25d0ce9c4c0b508253d22
  md5: 73aaf86a425cc6e73fcf236a5a46396d
  depends:
  - _libgcc_mutex 0.1 conda_forge
  - libgomp >=7.5.0
  constrains:
  - openmp_impl 9999
  license: BSD-3-Clause
  license_family: BSD
  size: 23621
  timestamp: 1650670423406
- kind: conda
  name: bzip2
  version: 1.0.8
  build: h4bc722e_7
  build_number: 7
  subdir: linux-64
  url: https://conda.anaconda.org/conda-forge/linux-64/bzip2-1.0.8-h4bc722e_7.conda
  sha256: 5ced96500d945fb286c9c838e54fa759aa04a7129c59800f0846b4335cee770d
  md5: 62ee74e96c5ebb0af99386de58cf9553
  depends:
  - __glibc >=2.17,<3.0.a0
  - libgcc-ng >=12
  license: bzip2-1.0.6
  license_family: BSD
  size: 252783
  timestamp: 1720974456583
- kind: conda
  name: ca-certificates
  version: 2024.7.4
  build: hbcca054_0
  subdir: linux-64
  url: https://conda.anaconda.org/conda-forge/linux-64/ca-certificates-2024.7.4-hbcca054_0.conda
  sha256: c1548a3235376f464f9931850b64b02492f379b2f2bb98bc786055329b080446
  md5: 23ab7665c5f63cfb9f1f6195256daac6
  license: ISC
  size: 154853
  timestamp: 1720077432978
- kind: conda
  name: cffi
  version: 1.16.0
  build: py312hf06ca03_0
  subdir: linux-64
  url: https://conda.anaconda.org/conda-forge/linux-64/cffi-1.16.0-py312hf06ca03_0.conda
  sha256: 5a36e2c254603c367d26378fa3a205bd92263e30acf195f488749562b4c44251
  md5: 56b0ca764ce23cc54f3f7e2a7b970f6d
  depends:
  - libffi >=3.4,<4.0a0
  - libgcc-ng >=12
  - pycparser
  - python >=3.12.0rc3,<3.13.0a0
  - python_abi 3.12.* *_cp312
  license: MIT
  license_family: MIT
  size: 294523
  timestamp: 1696001868949
- kind: conda
  name: cfgv
  version: 3.3.1
  build: pyhd8ed1ab_0
  subdir: noarch
  noarch: python
  url: https://conda.anaconda.org/conda-forge/noarch/cfgv-3.3.1-pyhd8ed1ab_0.tar.bz2
  sha256: fbc03537a27ef756162c49b1d0608bf7ab12fa5e38ceb8563d6f4859e835ac5c
  md5: ebb5f5f7dc4f1a3780ef7ea7738db08c
  depends:
  - python >=3.6.1
  license: MIT
  license_family: MIT
  size: 10788
  timestamp: 1629909423398
- kind: conda
  name: dart-sass
  version: 1.58.3
  build: ha770c72_1
  build_number: 1
  subdir: linux-64
  url: https://conda.anaconda.org/conda-forge/linux-64/dart-sass-1.58.3-ha770c72_1.conda
  sha256: a94f8024ac8a09cbf265c62d2bd57e709802868ef656c6cafe5864ed20bf94af
  md5: d54982a58cd9be3d00a7efe76ba6f60c
  license: MIT
  license_family: MIT
  size: 2961769
  timestamp: 1683598364427
- kind: conda
  name: deno
  version: 1.37.2
  build: h335b0a9_1
  build_number: 1
  subdir: linux-64
  url: https://conda.anaconda.org/conda-forge/linux-64/deno-1.37.2-h335b0a9_1.conda
  sha256: b14a2f951839e1b511283ed135d31e1168e62c6f360d00ba55a52e38d2ed1e34
  md5: 50fe6d0064adfd83846a6f9c87da03e3
  depends:
  - libgcc-ng >=12
  license: MIT
  license_family: MIT
  size: 33937403
  timestamp: 1698785299272
- kind: conda
  name: deno-dom
  version: 0.1.35
  build: hd9586b0_1
  build_number: 1
  subdir: linux-64
  url: https://conda.anaconda.org/conda-forge/linux-64/deno-dom-0.1.35-hd9586b0_1.conda
  sha256: 386c157bf2eebe4fc58e63c26784d084eaa71cf1020257c30a430624631415fd
  md5: 263ee0870b18b013d9ec8539113ac69f
  depends:
  - deno >=1.24.2
  license: MIT
  license_family: MIT
  size: 1062480
  timestamp: 1682953401972
- kind: conda
  name: distlib
  version: 0.3.8
  build: pyhd8ed1ab_0
  subdir: noarch
  noarch: python
  url: https://conda.anaconda.org/conda-forge/noarch/distlib-0.3.8-pyhd8ed1ab_0.conda
  sha256: 3ff11acdd5cc2f80227682966916e878e45ced94f59c402efb94911a5774e84e
  md5: db16c66b759a64dc5183d69cc3745a52
  depends:
  - python 2.7|>=3.6
  license: Apache-2.0
  license_family: APACHE
  size: 274915
  timestamp: 1702383349284
- kind: conda
  name: esbuild
  version: 0.19.2
  build: ha770c72_0
  subdir: linux-64
  url: https://conda.anaconda.org/conda-forge/linux-64/esbuild-0.19.2-ha770c72_0.conda
  sha256: bb6dee100b3f62ee088a212834c9d47ad158f3fc678ff595e402803db5fab871
  md5: 8fa87b764cf6143cb66e9cc3548b186a
  license: MIT
  license_family: MIT
  size: 3376650
  timestamp: 1693243729127
- kind: conda
  name: filelock
  version: 3.15.4
  build: pyhd8ed1ab_0
  subdir: noarch
  noarch: python
  url: https://conda.anaconda.org/conda-forge/noarch/filelock-3.15.4-pyhd8ed1ab_0.conda
  sha256: f78d9c0be189a77cb0c67d02f33005f71b89037a85531996583fb79ff3fe1a0a
  md5: 0e7e4388e9d5283e22b35a9443bdbcc9
  depends:
  - python >=3.7
  license: Unlicense
  size: 17592
  timestamp: 1719088395353
- kind: conda
  name: identify
  version: 2.6.0
  build: pyhd8ed1ab_0
  subdir: noarch
  noarch: python
  url: https://conda.anaconda.org/conda-forge/noarch/identify-2.6.0-pyhd8ed1ab_0.conda
  sha256: 4a2889027df94d51be283536ac235feba77eaa42a0d051f65cd07ba824b324a6
  md5: f80cc5989f445f23b1622d6c455896d9
  depends:
  - python >=3.6
  - ukkonen
  license: MIT
  license_family: MIT
  size: 78197
  timestamp: 1720413864262
- kind: conda
  name: ld_impl_linux-64
  version: '2.40'
  build: hf3520f5_7
  build_number: 7
  subdir: linux-64
  url: https://conda.anaconda.org/conda-forge/linux-64/ld_impl_linux-64-2.40-hf3520f5_7.conda
  sha256: 764b6950aceaaad0c67ef925417594dd14cd2e22fff864aeef455ac259263d15
  md5: b80f2f396ca2c28b8c14c437a4ed1e74
  constrains:
  - binutils_impl_linux-64 2.40
  license: GPL-3.0-only
  license_family: GPL
  size: 707602
  timestamp: 1718625640445
- kind: conda
  name: libexpat
  version: 2.6.2
  build: h59595ed_0
  subdir: linux-64
  url: https://conda.anaconda.org/conda-forge/linux-64/libexpat-2.6.2-h59595ed_0.conda
  sha256: 331bb7c7c05025343ebd79f86ae612b9e1e74d2687b8f3179faec234f986ce19
  md5: e7ba12deb7020dd080c6c70e7b6f6a3d
  depends:
  - libgcc-ng >=12
  constrains:
  - expat 2.6.2.*
  license: MIT
  license_family: MIT
  size: 73730
  timestamp: 1710362120304
- kind: conda
  name: libffi
  version: 3.4.2
  build: h7f98852_5
  build_number: 5
  subdir: linux-64
  url: https://conda.anaconda.org/conda-forge/linux-64/libffi-3.4.2-h7f98852_5.tar.bz2
  sha256: ab6e9856c21709b7b517e940ae7028ae0737546122f83c2aa5d692860c3b149e
  md5: d645c6d2ac96843a2bfaccd2d62b3ac3
  depends:
  - libgcc-ng >=9.4.0
  license: MIT
  license_family: MIT
  size: 58292
  timestamp: 1636488182923
- kind: conda
  name: libgcc-ng
  version: 14.1.0
  build: h77fa898_0
  subdir: linux-64
  url: https://conda.anaconda.org/conda-forge/linux-64/libgcc-ng-14.1.0-h77fa898_0.conda
  sha256: b8e869ac96591cda2704bf7e77a301025e405227791a0bddf14a3dac65125538
  md5: ca0fad6a41ddaef54a153b78eccb5037
  depends:
  - _libgcc_mutex 0.1 conda_forge
  - _openmp_mutex >=4.5
  constrains:
  - libgomp 14.1.0 h77fa898_0
  license: GPL-3.0-only WITH GCC-exception-3.1
  license_family: GPL
  size: 842109
  timestamp: 1719538896937
- kind: conda
  name: libgomp
  version: 14.1.0
  build: h77fa898_0
  subdir: linux-64
  url: https://conda.anaconda.org/conda-forge/linux-64/libgomp-14.1.0-h77fa898_0.conda
  sha256: 7699df61a1f6c644b3576a40f54791561f2845983120477a16116b951c9cdb05
  md5: ae061a5ed5f05818acdf9adab72c146d
  depends:
  - _libgcc_mutex 0.1 conda_forge
  license: GPL-3.0-only WITH GCC-exception-3.1
  license_family: GPL
  size: 456925
  timestamp: 1719538796073
- kind: conda
  name: libnsl
  version: 2.0.1
  build: hd590300_0
  subdir: linux-64
  url: https://conda.anaconda.org/conda-forge/linux-64/libnsl-2.0.1-hd590300_0.conda
  sha256: 26d77a3bb4dceeedc2a41bd688564fe71bf2d149fdcf117049970bc02ff1add6
  md5: 30fd6e37fe21f86f4bd26d6ee73eeec7
  depends:
  - libgcc-ng >=12
  license: LGPL-2.1-only
  license_family: GPL
  size: 33408
  timestamp: 1697359010159
- kind: conda
  name: libsqlite
  version: 3.46.0
  build: hde9e2c9_0
  subdir: linux-64
  url: https://conda.anaconda.org/conda-forge/linux-64/libsqlite-3.46.0-hde9e2c9_0.conda
  sha256: daee3f68786231dad457d0dfde3f7f1f9a7f2018adabdbb864226775101341a8
  md5: 18aa975d2094c34aef978060ae7da7d8
  depends:
  - libgcc-ng >=12
  - libzlib >=1.2.13,<2.0a0
  license: Unlicense
  size: 865346
  timestamp: 1718050628718
- kind: conda
  name: libstdcxx-ng
  version: 14.1.0
  build: hc0a3c3a_0
  subdir: linux-64
  url: https://conda.anaconda.org/conda-forge/linux-64/libstdcxx-ng-14.1.0-hc0a3c3a_0.conda
  sha256: 88c42b388202ffe16adaa337e36cf5022c63cf09b0405cf06fc6aeacccbe6146
  md5: 1cb187a157136398ddbaae90713e2498
  depends:
  - libgcc-ng 14.1.0 h77fa898_0
  license: GPL-3.0-only WITH GCC-exception-3.1
  license_family: GPL
  size: 3881307
  timestamp: 1719538923443
- kind: conda
  name: libuuid
  version: 2.38.1
  build: h0b41bf4_0
  subdir: linux-64
  url: https://conda.anaconda.org/conda-forge/linux-64/libuuid-2.38.1-h0b41bf4_0.conda
  sha256: 787eb542f055a2b3de553614b25f09eefb0a0931b0c87dbcce6efdfd92f04f18
  md5: 40b61aab5c7ba9ff276c41cfffe6b80b
  depends:
  - libgcc-ng >=12
  license: BSD-3-Clause
  license_family: BSD
  size: 33601
  timestamp: 1680112270483
- kind: conda
  name: libxcrypt
  version: 4.4.36
  build: hd590300_1
  build_number: 1
  subdir: linux-64
  url: https://conda.anaconda.org/conda-forge/linux-64/libxcrypt-4.4.36-hd590300_1.conda
  sha256: 6ae68e0b86423ef188196fff6207ed0c8195dd84273cb5623b85aa08033a410c
  md5: 5aa797f8787fe7a17d1b0821485b5adc
  depends:
  - libgcc-ng >=12
  license: LGPL-2.1-or-later
  size: 100393
  timestamp: 1702724383534
- kind: conda
  name: libzlib
  version: 1.3.1
  build: h4ab18f5_1
  build_number: 1
  subdir: linux-64
  url: https://conda.anaconda.org/conda-forge/linux-64/libzlib-1.3.1-h4ab18f5_1.conda
  sha256: adf6096f98b537a11ae3729eaa642b0811478f0ea0402ca67b5108fe2cb0010d
  md5: 57d7dc60e9325e3de37ff8dffd18e814
  depends:
  - libgcc-ng >=12
  constrains:
  - zlib 1.3.1 *_1
  license: Zlib
  license_family: Other
  size: 61574
  timestamp: 1716874187109
- kind: conda
  name: ncurses
  version: '6.5'
  build: h59595ed_0
  subdir: linux-64
  url: https://conda.anaconda.org/conda-forge/linux-64/ncurses-6.5-h59595ed_0.conda
  sha256: 4fc3b384f4072b68853a0013ea83bdfd3d66b0126e2238e1d6e1560747aa7586
  md5: fcea371545eda051b6deafb24889fc69
  depends:
  - libgcc-ng >=12
  license: X11 AND BSD-3-Clause
  size: 887465
  timestamp: 1715194722503
- kind: conda
  name: nodeenv
  version: 1.9.1
  build: pyhd8ed1ab_0
  subdir: noarch
  noarch: python
  url: https://conda.anaconda.org/conda-forge/noarch/nodeenv-1.9.1-pyhd8ed1ab_0.conda
  sha256: 85ee07342ab055dc081f3de8292c5e7195e43e046db9c5750f242f928f6bb8f2
  md5: dfe0528d0f1c16c1f7c528ea5536ab30
  depends:
  - python 2.7|>=3.7
  - setuptools
  license: BSD-3-Clause
  license_family: BSD
  size: 34489
  timestamp: 1717585382642
- kind: conda
  name: openssl
  version: 3.3.1
  build: h4bc722e_2
  build_number: 2
  subdir: linux-64
  url: https://conda.anaconda.org/conda-forge/linux-64/openssl-3.3.1-h4bc722e_2.conda
  sha256: b294b3cc706ad1048cdb514f0db3da9f37ae3fcc0c53a7104083dd0918adb200
  md5: e1b454497f9f7c1147fdde4b53f1b512
  depends:
  - __glibc >=2.17,<3.0.a0
  - ca-certificates
  - libgcc-ng >=12
  constrains:
  - pyopenssl >=22.1
  license: Apache-2.0
  license_family: Apache
  size: 2895213
  timestamp: 1721194688955
- kind: conda
  name: pandoc
  version: 3.1.11.1
  build: ha770c72_0
  subdir: linux-64
  url: https://conda.anaconda.org/conda-forge/linux-64/pandoc-3.1.11.1-ha770c72_0.conda
  sha256: 30b1318dbf7a89d4b2f66a9b10c8799376a32506043a510e1d27ba286c564633
  md5: 0e2f14aff42adf4675bcd5335d644a5f
  license: GPL-2.0-or-later
  license_family: GPL
  size: 20502973
  timestamp: 1707474170203
- kind: conda
  name: platformdirs
  version: 4.2.2
  build: pyhd8ed1ab_0
  subdir: noarch
  noarch: python
  url: https://conda.anaconda.org/conda-forge/noarch/platformdirs-4.2.2-pyhd8ed1ab_0.conda
  sha256: adc59384cf0b2fc6dc7362840151e8cb076349197a38f7230278252698a88442
  md5: 6f6cf28bf8e021933869bae3f84b8fc9
  depends:
  - python >=3.8
  license: MIT
  license_family: MIT
  size: 20572
  timestamp: 1715777739019
- kind: conda
  name: pre-commit
  version: 3.8.0
  build: pyha770c72_0
  subdir: noarch
  noarch: python
  url: https://conda.anaconda.org/conda-forge/noarch/pre-commit-3.8.0-pyha770c72_0.conda
  sha256: 2363c8706ca3b2a3385b09e33f639f6b66e4fa8d00a21c3dea4d934472a96e85
  md5: 1822e87a5d357f79c6aab871d86fb062
  depends:
  - cfgv >=2.0.0
  - identify >=1.0.0
  - nodeenv >=0.11.1
  - python >=3.9
  - pyyaml >=5.1
  - virtualenv >=20.10.0
  license: MIT
  license_family: MIT
  size: 180036
  timestamp: 1722604788932
- kind: conda
  name: pycparser
  version: '2.22'
  build: pyhd8ed1ab_0
  subdir: noarch
  noarch: python
  url: https://conda.anaconda.org/conda-forge/noarch/pycparser-2.22-pyhd8ed1ab_0.conda
  sha256: 406001ebf017688b1a1554b49127ca3a4ac4626ec0fd51dc75ffa4415b720b64
  md5: 844d9eb3b43095b031874477f7d70088
  depends:
  - python >=3.8
  license: BSD-3-Clause
  license_family: BSD
  size: 105098
  timestamp: 1711811634025
- kind: conda
  name: python
  version: 3.12.4
  build: h194c7f8_0_cpython
  subdir: linux-64
  url: https://conda.anaconda.org/conda-forge/linux-64/python-3.12.4-h194c7f8_0_cpython.conda
  sha256: 97a78631e6c928bf7ad78d52f7f070fcf3bd37619fa48dc4394c21cf3058cdee
  md5: d73490214f536cccb5819e9873048c92
  depends:
  - bzip2 >=1.0.8,<2.0a0
  - ld_impl_linux-64 >=2.36.1
  - libexpat >=2.6.2,<3.0a0
  - libffi >=3.4,<4.0a0
  - libgcc-ng >=12
  - libnsl >=2.0.1,<2.1.0a0
  - libsqlite >=3.46.0,<4.0a0
  - libuuid >=2.38.1,<3.0a0
  - libxcrypt >=4.4.36
  - libzlib >=1.3.1,<2.0a0
  - ncurses >=6.5,<7.0a0
  - openssl >=3.3.1,<4.0a0
  - readline >=8.2,<9.0a0
  - tk >=8.6.13,<8.7.0a0
  - tzdata
  - xz >=5.2.6,<6.0a0
  constrains:
  - python_abi 3.12.* *_cp312
  license: Python-2.0
  size: 32073625
  timestamp: 1718621771849
- kind: conda
  name: python_abi
  version: '3.12'
  build: 4_cp312
  build_number: 4
  subdir: linux-64
  url: https://conda.anaconda.org/conda-forge/linux-64/python_abi-3.12-4_cp312.conda
  sha256: 182a329de10a4165f6e8a3804caf751f918f6ea6176dd4e5abcdae1ed3095bf6
  md5: dccc2d142812964fcc6abdc97b672dff
  constrains:
  - python 3.12.* *_cpython
  license: BSD-3-Clause
  license_family: BSD
  size: 6385
  timestamp: 1695147396604
- kind: conda
  name: pyyaml
  version: 6.0.1
  build: py312h98912ed_1
  build_number: 1
  subdir: linux-64
  url: https://conda.anaconda.org/conda-forge/linux-64/pyyaml-6.0.1-py312h98912ed_1.conda
  sha256: 7f347a10a7121b08d79d21cd4f438c07c23479ea0c74dfb89d6dc416f791bb7f
  md5: e3fd78d8d490af1d84763b9fe3f2e552
  depends:
  - libgcc-ng >=12
  - python >=3.12.0rc3,<3.13.0a0
  - python_abi 3.12.* *_cp312
  - yaml >=0.2.5,<0.3.0a0
  license: MIT
  license_family: MIT
  size: 196583
  timestamp: 1695373632212
- kind: conda
  name: quarto
  version: 1.4.550
  build: ha770c72_1
  build_number: 1
  subdir: linux-64
  url: https://conda.anaconda.org/conda-forge/linux-64/quarto-1.4.550-ha770c72_1.conda
  sha256: 2fd62d66eb6a08b95ba8933aaff7a0e3241c7ced93b5114a3b1e8d28ee24b330
  md5: b7b89be76bcdab239f7956e5fc2727ab
  depends:
  - dart-sass
  - deno >=1.37.2,<1.37.3.0a0
  - deno-dom >=0.1.35,<0.1.36.0a0
  - esbuild
  - pandoc >=3.1.11.1,<3.1.12.0a0
  license: GPL-2.0-or-later
  license_family: GPL
  size: 15312136
  timestamp: 1708104283642
- kind: conda
  name: readline
  version: '8.2'
  build: h8228510_1
  build_number: 1
  subdir: linux-64
  url: https://conda.anaconda.org/conda-forge/linux-64/readline-8.2-h8228510_1.conda
  sha256: 5435cf39d039387fbdc977b0a762357ea909a7694d9528ab40f005e9208744d7
  md5: 47d31b792659ce70f470b5c82fdfb7a4
  depends:
  - libgcc-ng >=12
  - ncurses >=6.3,<7.0a0
  license: GPL-3.0-only
  license_family: GPL
  size: 281456
  timestamp: 1679532220005
- kind: conda
  name: setuptools
  version: 72.1.0
  build: pyhd8ed1ab_0
  subdir: noarch
  noarch: python
  url: https://conda.anaconda.org/conda-forge/noarch/setuptools-72.1.0-pyhd8ed1ab_0.conda
  sha256: d239e7f1b1a5617eeadda4e91183592f5a15219e97e16bc721d7b0597ee89a80
  md5: e06d4c26df4f958a8d38696f2c344d15
  depends:
  - python >=3.8
  license: MIT
  license_family: MIT
  size: 1462612
  timestamp: 1722586785703
- kind: conda
  name: tk
  version: 8.6.13
  build: noxft_h4845f30_101
  build_number: 101
  subdir: linux-64
  url: https://conda.anaconda.org/conda-forge/linux-64/tk-8.6.13-noxft_h4845f30_101.conda
  sha256: e0569c9caa68bf476bead1bed3d79650bb080b532c64a4af7d8ca286c08dea4e
  md5: d453b98d9c83e71da0741bb0ff4d76bc
  depends:
  - libgcc-ng >=12
  - libzlib >=1.2.13,<2.0.0a0
  license: TCL
  license_family: BSD
  size: 3318875
  timestamp: 1699202167581
- kind: conda
  name: tzdata
  version: 2024a
  build: h0c530f3_0
  subdir: noarch
  noarch: generic
  url: https://conda.anaconda.org/conda-forge/noarch/tzdata-2024a-h0c530f3_0.conda
  sha256: 7b2b69c54ec62a243eb6fba2391b5e443421608c3ae5dbff938ad33ca8db5122
  md5: 161081fc7cec0bfda0d86d7cb595f8d8
  license: LicenseRef-Public-Domain
  size: 119815
  timestamp: 1706886945727
- kind: conda
  name: ukkonen
  version: 1.0.1
  build: py312h8572e83_4
  build_number: 4
  subdir: linux-64
  url: https://conda.anaconda.org/conda-forge/linux-64/ukkonen-1.0.1-py312h8572e83_4.conda
  sha256: f9a4384d466f4d8b5b497d951329dd4407ebe02f8f93456434e9ab789d6e23ce
  md5: 52c9e25ee0a32485a102eeecdb7eef52
  depends:
  - cffi
  - libgcc-ng >=12
  - libstdcxx-ng >=12
  - python >=3.12.0rc3,<3.13.0a0
  - python_abi 3.12.* *_cp312
  license: MIT
  license_family: MIT
  size: 14050
  timestamp: 1695549556745
- kind: conda
  name: virtualenv
  version: 20.26.3
  build: pyhd8ed1ab_0
  subdir: noarch
  noarch: python
  url: https://conda.anaconda.org/conda-forge/noarch/virtualenv-20.26.3-pyhd8ed1ab_0.conda
  sha256: f78961b194e33eed5fdccb668774651ec9423a043069fa7a4e3e2f853b08aa0c
  md5: 284008712816c64c85bf2b7fa9f3b264
  depends:
  - distlib <1,>=0.3.7
  - filelock <4,>=3.12.2
  - platformdirs <5,>=3.9.1
  - python >=3.8
  license: MIT
  license_family: MIT
  size: 4363507
  timestamp: 1719150878323
- kind: conda
  name: xz
  version: 5.2.6
  build: h166bdaf_0
  subdir: linux-64
  url: https://conda.anaconda.org/conda-forge/linux-64/xz-5.2.6-h166bdaf_0.tar.bz2
  sha256: 03a6d28ded42af8a347345f82f3eebdd6807a08526d47899a42d62d319609162
  md5: 2161070d867d1b1204ea749c8eec4ef0
  depends:
  - libgcc-ng >=12
  license: LGPL-2.1 and GPL-2.0
  size: 418368
  timestamp: 1660346797927
- kind: conda
  name: yaml
  version: 0.2.5
  build: h7f98852_2
  build_number: 2
  subdir: linux-64
  url: https://conda.anaconda.org/conda-forge/linux-64/yaml-0.2.5-h7f98852_2.tar.bz2
  sha256: a4e34c710eeb26945bdbdaba82d3d74f60a78f54a874ec10d373811a5d217535
  md5: 4cb3ad778ec2d5a7acbdf254eb1c42ae
  depends:
  - libgcc-ng >=9.4.0
  license: MIT
  license_family: MIT
  size: 89141
  timestamp: 1641346969816
