version: 5
environments:
  default:
    channels:
    - url: https://conda.anaconda.org/conda-forge/
    packages:
      linux-64:
      - conda: https://conda.anaconda.org/conda-forge/linux-64/_libgcc_mutex-0.1-conda_forge.tar.bz2
      - conda: https://conda.anaconda.org/conda-forge/linux-64/_openmp_mutex-4.5-2_gnu.tar.bz2
      - conda: https://conda.anaconda.org/conda-forge/linux-64/dart-sass-1.58.3-ha770c72_1.conda
      - conda: https://conda.anaconda.org/conda-forge/linux-64/deno-1.37.2-h335b0a9_1.conda
      - conda: https://conda.anaconda.org/conda-forge/linux-64/deno-dom-0.1.35-hd9586b0_1.conda
      - conda: https://conda.anaconda.org/conda-forge/linux-64/esbuild-0.19.2-ha770c72_0.conda
      - conda: https://conda.anaconda.org/conda-forge/linux-64/libgcc-ng-14.1.0-h77fa898_0.conda
      - conda: https://conda.anaconda.org/conda-forge/linux-64/libgomp-14.1.0-h77fa898_0.conda
      - conda: https://conda.anaconda.org/conda-forge/linux-64/pandoc-3.1.11.1-ha770c72_0.conda
      - conda: https://conda.anaconda.org/conda-forge/linux-64/quarto-1.4.550-ha770c72_1.conda
packages:
- kind: conda
  name: _libgcc_mutex
  version: '0.1'
  build: conda_forge
  subdir: linux-64
  url: https://conda.anaconda.org/conda-forge/linux-64/_libgcc_mutex-0.1-conda_forge.tar.bz2
  sha256: fe51de6107f9edc7aa4f786a70f4a883943bc9d39b3bb7307c04c41410990726
  md5: d7c89558ba9fa0495403155b64376d81
  license: None
  size: 2562
  timestamp: 1578324546067
- kind: conda
  name: _openmp_mutex
  version: '4.5'
  build: 2_gnu
  build_number: 16
  subdir: linux-64
  url: https://conda.anaconda.org/conda-forge/linux-64/_openmp_mutex-4.5-2_gnu.tar.bz2
  sha256: fbe2c5e56a653bebb982eda4876a9178aedfc2b545f25d0ce9c4c0b508253d22
  md5: 73aaf86a425cc6e73fcf236a5a46396d
  depends:
  - _libgcc_mutex 0.1 conda_forge
  - libgomp >=7.5.0
  constrains:
  - openmp_impl 9999
  license: BSD-3-Clause
  license_family: BSD
  size: 23621
  timestamp: 1650670423406
- kind: conda
  name: dart-sass
  version: 1.58.3
  build: ha770c72_1
  build_number: 1
  subdir: linux-64
  url: https://conda.anaconda.org/conda-forge/linux-64/dart-sass-1.58.3-ha770c72_1.conda
  sha256: a94f8024ac8a09cbf265c62d2bd57e709802868ef656c6cafe5864ed20bf94af
  md5: d54982a58cd9be3d00a7efe76ba6f60c
  license: MIT
  license_family: MIT
  size: 2961769
  timestamp: 1683598364427
- kind: conda
  name: deno
  version: 1.37.2
  build: h335b0a9_1
  build_number: 1
  subdir: linux-64
  url: https://conda.anaconda.org/conda-forge/linux-64/deno-1.37.2-h335b0a9_1.conda
  sha256: b14a2f951839e1b511283ed135d31e1168e62c6f360d00ba55a52e38d2ed1e34
  md5: 50fe6d0064adfd83846a6f9c87da03e3
  depends:
  - libgcc-ng >=12
  license: MIT
  license_family: MIT
  size: 33937403
  timestamp: 1698785299272
- kind: conda
  name: deno-dom
  version: 0.1.35
  build: hd9586b0_1
  build_number: 1
  subdir: linux-64
  url: https://conda.anaconda.org/conda-forge/linux-64/deno-dom-0.1.35-hd9586b0_1.conda
  sha256: 386c157bf2eebe4fc58e63c26784d084eaa71cf1020257c30a430624631415fd
  md5: 263ee0870b18b013d9ec8539113ac69f
  depends:
  - deno >=1.24.2
  license: MIT
  license_family: MIT
  size: 1062480
  timestamp: 1682953401972
- kind: conda
  name: esbuild
  version: 0.19.2
  build: ha770c72_0
  subdir: linux-64
  url: https://conda.anaconda.org/conda-forge/linux-64/esbuild-0.19.2-ha770c72_0.conda
  sha256: bb6dee100b3f62ee088a212834c9d47ad158f3fc678ff595e402803db5fab871
  md5: 8fa87b764cf6143cb66e9cc3548b186a
  license: MIT
  license_family: MIT
  size: 3376650
  timestamp: 1693243729127
- kind: conda
  name: libgcc-ng
  version: 14.1.0
  build: h77fa898_0
  subdir: linux-64
  url: https://conda.anaconda.org/conda-forge/linux-64/libgcc-ng-14.1.0-h77fa898_0.conda
  sha256: b8e869ac96591cda2704bf7e77a301025e405227791a0bddf14a3dac65125538
  md5: ca0fad6a41ddaef54a153b78eccb5037
  depends:
  - _libgcc_mutex 0.1 conda_forge
  - _openmp_mutex >=4.5
  constrains:
  - libgomp 14.1.0 h77fa898_0
  license: GPL-3.0-only WITH GCC-exception-3.1
  license_family: GPL
  size: 842109
  timestamp: 1719538896937
- kind: conda
  name: libgomp
  version: 14.1.0
  build: h77fa898_0
  subdir: linux-64
  url: https://conda.anaconda.org/conda-forge/linux-64/libgomp-14.1.0-h77fa898_0.conda
  sha256: 7699df61a1f6c644b3576a40f54791561f2845983120477a16116b951c9cdb05
  md5: ae061a5ed5f05818acdf9adab72c146d
  depends:
  - _libgcc_mutex 0.1 conda_forge
  license: GPL-3.0-only WITH GCC-exception-3.1
  license_family: GPL
  size: 456925
  timestamp: 1719538796073
- kind: conda
  name: pandoc
  version: 3.1.11.1
  build: ha770c72_0
  subdir: linux-64
  url: https://conda.anaconda.org/conda-forge/linux-64/pandoc-3.1.11.1-ha770c72_0.conda
  sha256: 30b1318dbf7a89d4b2f66a9b10c8799376a32506043a510e1d27ba286c564633
  md5: 0e2f14aff42adf4675bcd5335d644a5f
  license: GPL-2.0-or-later
  license_family: GPL
  size: 20502973
  timestamp: 1707474170203
- kind: conda
  name: quarto
  version: 1.4.550
  build: ha770c72_1
  build_number: 1
  subdir: linux-64
  url: https://conda.anaconda.org/conda-forge/linux-64/quarto-1.4.550-ha770c72_1.conda
  sha256: 2fd62d66eb6a08b95ba8933aaff7a0e3241c7ced93b5114a3b1e8d28ee24b330
  md5: b7b89be76bcdab239f7956e5fc2727ab
  depends:
  - dart-sass
  - deno >=1.37.2,<1.37.3.0a0
  - deno-dom >=0.1.35,<0.1.36.0a0
  - esbuild
  - pandoc >=3.1.11.1,<3.1.12.0a0
  license: GPL-2.0-or-later
  license_family: GPL
  size: 15312136
  timestamp: 1708104283642
